
Microsoft Visual Studio Solution File, Format Version 12.00
# Visual Studio Version 17
VisualStudioVersion = 17.11.35327.3
MinimumVisualStudioVersion = 10.0.40219.1
Project("{6EC3EE1D-3C4E-46DD-8F32-0CC8E7565705}") = "Lib", "Lib\Lib.fsproj", "{49B25EC7-3776-4E62-8702-18E27F7BBAED}"
EndProject
Project("{6EC3EE1D-3C4E-46DD-8F32-0CC8E7565705}") = "Tests", "Tests\Tests.fsproj", "{2A9034E8-6C49-4126-AD7D-FFE61E439613}"
EndProject
Global
	GlobalSection(SolutionConfigurationPlatforms) = preSolution
		Debug|Any CPU = Debug|Any CPU
		Release|Any CPU = Release|Any CPU
	EndGlobalSection
	GlobalSection(ProjectConfigurationPlatforms) = postSolution
		{49B25EC7-3776-4E62-8702-18E27F7BBAED}.Debug|Any CPU.ActiveCfg = Debug|Any CPU
		{49B25EC7-3776-4E62-8702-18E27F7BBAED}.Debug|Any CPU.Build.0 = Debug|Any CPU
		{49B25EC7-3776-4E62-8702-18E27F7BBAED}.Release|Any CPU.ActiveCfg = Release|Any CPU
		{49B25EC7-3776-4E62-8702-18E27F7BBAED}.Release|Any CPU.Build.0 = Release|Any CPU
		{2A9034E8-6C49-4126-AD7D-FFE61E439613}.Debug|Any CPU.ActiveCfg = Debug|Any CPU
		{2A9034E8-6C49-4126-AD7D-FFE61E439613}.Debug|Any CPU.Build.0 = Debug|Any CPU
		{2A9034E8-6C49-4126-AD7D-FFE61E439613}.Release|Any CPU.ActiveCfg = Release|Any CPU
		{2A9034E8-6C49-4126-AD7D-FFE61E439613}.Release|Any CPU.Build.0 = Release|Any CPU
	EndGlobalSection
	GlobalSection(SolutionProperties) = preSolution
		HideSolutionNode = FALSE
	EndGlobalSection
	GlobalSection(ExtensibilityGlobals) = postSolution
		SolutionGuid = {50EB8862-6A5A-43CB-BBC1-1547535F6B31}
	EndGlobalSection
EndGlobal
